
Microsoft Visual Studio Solution File, Format Version 12.00
# Visual Studio Version 17
VisualStudioVersion = 17.8.34525.116
MinimumVisualStudioVersion = 10.0.40219.1
Project("{FAE04EC0-301F-11D3-BF4B-00C04F79EFBC}") = "Property", "Property\Property.csproj", "{218E8574-EB96-4F79-833F-B5C923D52395}"
EndProject
Global
	GlobalSection(SolutionConfigurationPlatforms) = preSolution
		Debug|Any CPU = Debug|Any CPU
		Release|Any CPU = Release|Any CPU
	EndGlobalSection
	GlobalSection(ProjectConfigurationPlatforms) = postSolution
		{218E8574-EB96-4F79-833F-B5C923D52395}.Debug|Any CPU.ActiveCfg = Debug|Any CPU
		{218E8574-EB96-4F79-833F-B5C923D52395}.Debug|Any CPU.Build.0 = Debug|Any CPU
		{218E8574-EB96-4F79-833F-B5C923D52395}.Release|Any CPU.ActiveCfg = Release|Any CPU
		{218E8574-EB96-4F79-833F-B5C923D52395}.Release|Any CPU.Build.0 = Release|Any CPU
	EndGlobalSection
	GlobalSection(SolutionProperties) = preSolution
		HideSolutionNode = FALSE
	EndGlobalSection
	GlobalSection(ExtensibilityGlobals) = postSolution
		SolutionGuid = {4A04E18C-CCAE-451A-923C-181550FECD7A}
	EndGlobalSection
EndGlobal
