
Microsoft Visual Studio Solution File, Format Version 12.00
# Visual Studio Version 17
VisualStudioVersion = 17.8.34525.116
MinimumVisualStudioVersion = 10.0.40219.1
Project("{FAE04EC0-301F-11D3-BF4B-00C04F79EFBC}") = "Structure", "Structure\Structure.csproj", "{544EE186-698A-4DD2-A99A-9FCC4C761172}"
EndProject
Global
	GlobalSection(SolutionConfigurationPlatforms) = preSolution
		Debug|Any CPU = Debug|Any CPU
		Release|Any CPU = Release|Any CPU
	EndGlobalSection
	GlobalSection(ProjectConfigurationPlatforms) = postSolution
		{544EE186-698A-4DD2-A99A-9FCC4C761172}.Debug|Any CPU.ActiveCfg = Debug|Any CPU
		{544EE186-698A-4DD2-A99A-9FCC4C761172}.Debug|Any CPU.Build.0 = Debug|Any CPU
		{544EE186-698A-4DD2-A99A-9FCC4C761172}.Release|Any CPU.ActiveCfg = Release|Any CPU
		{544EE186-698A-4DD2-A99A-9FCC4C761172}.Release|Any CPU.Build.0 = Release|Any CPU
	EndGlobalSection
	GlobalSection(SolutionProperties) = preSolution
		HideSolutionNode = FALSE
	EndGlobalSection
	GlobalSection(ExtensibilityGlobals) = postSolution
		SolutionGuid = {1422EF30-06CE-4EBB-A4A0-3EA378AEB878}
	EndGlobalSection
EndGlobal
