
Microsoft Visual Studio Solution File, Format Version 12.00
# Visual Studio Version 17
VisualStudioVersion = 17.8.34525.116
MinimumVisualStudioVersion = 10.0.40219.1
Project("{FAE04EC0-301F-11D3-BF4B-00C04F79EFBC}") = "ConsoleApp1", "ConsoleApp1.csproj", "{93F4AB83-7EB2-4810-9B32-3A0EE74E445E}"
EndProject
Global
	GlobalSection(SolutionConfigurationPlatforms) = preSolution
		Debug|Any CPU = Debug|Any CPU
		Release|Any CPU = Release|Any CPU
	EndGlobalSection
	GlobalSection(ProjectConfigurationPlatforms) = postSolution
		{93F4AB83-7EB2-4810-9B32-3A0EE74E445E}.Debug|Any CPU.ActiveCfg = Debug|Any CPU
		{93F4AB83-7EB2-4810-9B32-3A0EE74E445E}.Debug|Any CPU.Build.0 = Debug|Any CPU
		{93F4AB83-7EB2-4810-9B32-3A0EE74E445E}.Release|Any CPU.ActiveCfg = Release|Any CPU
		{93F4AB83-7EB2-4810-9B32-3A0EE74E445E}.Release|Any CPU.Build.0 = Release|Any CPU
	EndGlobalSection
	GlobalSection(SolutionProperties) = preSolution
		HideSolutionNode = FALSE
	EndGlobalSection
	GlobalSection(ExtensibilityGlobals) = postSolution
		SolutionGuid = {A7E0770C-6E18-4E96-80C7-FF70FCB05DD5}
	EndGlobalSection
EndGlobal
