
Microsoft Visual Studio Solution File, Format Version 12.00
# Visual Studio Version 17
VisualStudioVersion = 17.8.34525.116
MinimumVisualStudioVersion = 10.0.40219.1
Project("{FAE04EC0-301F-11D3-BF4B-00C04F79EFBC}") = "Polymorphism", "Polymorphism\Polymorphism.csproj", "{47986FC3-EFBB-4A60-9CAB-6FF5DFE8D430}"
EndProject
Global
	GlobalSection(SolutionConfigurationPlatforms) = preSolution
		Debug|Any CPU = Debug|Any CPU
		Release|Any CPU = Release|Any CPU
	EndGlobalSection
	GlobalSection(ProjectConfigurationPlatforms) = postSolution
		{47986FC3-EFBB-4A60-9CAB-6FF5DFE8D430}.Debug|Any CPU.ActiveCfg = Debug|Any CPU
		{47986FC3-EFBB-4A60-9CAB-6FF5DFE8D430}.Debug|Any CPU.Build.0 = Debug|Any CPU
		{47986FC3-EFBB-4A60-9CAB-6FF5DFE8D430}.Release|Any CPU.ActiveCfg = Release|Any CPU
		{47986FC3-EFBB-4A60-9CAB-6FF5DFE8D430}.Release|Any CPU.Build.0 = Release|Any CPU
	EndGlobalSection
	GlobalSection(SolutionProperties) = preSolution
		HideSolutionNode = FALSE
	EndGlobalSection
	GlobalSection(ExtensibilityGlobals) = postSolution
		SolutionGuid = {E7781276-F067-412A-A3AB-54C726C3B562}
	EndGlobalSection
EndGlobal
